// !$*UTF8*$!
{
	archiveVersion = 1;
	classes = {
	};
	objectVersion = 46;
	objects = {

/* Begin PBXBuildFile section */
		4D75F8961F7B7AC400A91A05 /* Swap.swift in Sources */ = {isa = PBXBuildFile; fileRef = 4D75F8951F7B7AC400A91A05 /* Swap.swift */; };
		4D75F8A01F7B9D9300A91A05 /* Chomp.wav in Resources */ = {isa = PBXBuildFile; fileRef = 4D75F89A1F7B9D9300A91A05 /* Chomp.wav */; };
		4D75F8A11F7B9D9300A91A05 /* Drip.wav in Resources */ = {isa = PBXBuildFile; fileRef = 4D75F89B1F7B9D9300A91A05 /* Drip.wav */; };
		4D75F8A21F7B9D9300A91A05 /* Error.wav in Resources */ = {isa = PBXBuildFile; fileRef = 4D75F89C1F7B9D9300A91A05 /* Error.wav */; };
		4D75F8A31F7B9D9300A91A05 /* Ka-Ching.wav in Resources */ = {isa = PBXBuildFile; fileRef = 4D75F89D1F7B9D9300A91A05 /* Ka-Ching.wav */; };
		4D75F8A41F7B9D9300A91A05 /* Mining by Moonlight.mp3 in Resources */ = {isa = PBXBuildFile; fileRef = 4D75F89E1F7B9D9300A91A05 /* Mining by Moonlight.mp3 */; };
		4D75F8A51F7B9D9300A91A05 /* Scrape.wav in Resources */ = {isa = PBXBuildFile; fileRef = 4D75F89F1F7B9D9300A91A05 /* Scrape.wav */; };
		4D75F8A71F7B9F0F00A91A05 /* Chain.swift in Sources */ = {isa = PBXBuildFile; fileRef = 4D75F8A61F7B9F0F00A91A05 /* Chain.swift */; };
		4DE6A68F1F7CA324004B08AD /* Grid.atlas in Resources */ = {isa = PBXBuildFile; fileRef = 4DE6A68E1F7CA324004B08AD /* Grid.atlas */; };
		CE7953271978271800B0B500 /* AppDelegate.swift in Sources */ = {isa = PBXBuildFile; fileRef = CE7953261978271800B0B500 /* AppDelegate.swift */; };
		CE79532B1978271800B0B500 /* GameScene.swift in Sources */ = {isa = PBXBuildFile; fileRef = CE79532A1978271800B0B500 /* GameScene.swift */; };
		CE79532D1978271800B0B500 /* GameViewController.swift in Sources */ = {isa = PBXBuildFile; fileRef = CE79532C1978271800B0B500 /* GameViewController.swift */; };
		CE7953301978271800B0B500 /* Main.storyboard in Resources */ = {isa = PBXBuildFile; fileRef = CE79532E1978271800B0B500 /* Main.storyboard */; };
		CE7953321978271800B0B500 /* Images.xcassets in Resources */ = {isa = PBXBuildFile; fileRef = CE7953311978271800B0B500 /* Images.xcassets */; };
		CE79533E1978271800B0B500 /* CookieCrunchTests.swift in Sources */ = {isa = PBXBuildFile; fileRef = CE79533D1978271800B0B500 /* CookieCrunchTests.swift */; };
		CE7953481978288E00B0B500 /* Sprites.atlas in Resources */ = {isa = PBXBuildFile; fileRef = CE7953471978288E00B0B500 /* Sprites.atlas */; };
		CE79534A19782A8E00B0B500 /* Cookie.swift in Sources */ = {isa = PBXBuildFile; fileRef = CE79534919782A8E00B0B500 /* Cookie.swift */; };
		CE79534C19782BFF00B0B500 /* Array2D.swift in Sources */ = {isa = PBXBuildFile; fileRef = CE79534B19782BFF00B0B500 /* Array2D.swift */; };
		CE79535019782C5100B0B500 /* Level.swift in Sources */ = {isa = PBXBuildFile; fileRef = CE79534F19782C5100B0B500 /* Level.swift */; };
		CE7953571978321B00B0B500 /* Level_0.json in Resources */ = {isa = PBXBuildFile; fileRef = CE7953521978321B00B0B500 /* Level_0.json */; };
		CE7953581978321B00B0B500 /* Level_1.json in Resources */ = {isa = PBXBuildFile; fileRef = CE7953531978321B00B0B500 /* Level_1.json */; };
		CE7953591978321B00B0B500 /* Level_2.json in Resources */ = {isa = PBXBuildFile; fileRef = CE7953541978321B00B0B500 /* Level_2.json */; };
		CE79535A1978321B00B0B500 /* Level_3.json in Resources */ = {isa = PBXBuildFile; fileRef = CE7953551978321B00B0B500 /* Level_3.json */; };
		CE79535B1978321B00B0B500 /* Level_4.json in Resources */ = {isa = PBXBuildFile; fileRef = CE7953561978321B00B0B500 /* Level_4.json */; };
		CE79535D1978323500B0B500 /* Tile.swift in Sources */ = {isa = PBXBuildFile; fileRef = CE79535C1978323500B0B500 /* Tile.swift */; };
		CE79535F197832C300B0B500 /* Extensions.swift in Sources */ = {isa = PBXBuildFile; fileRef = CE79535E197832C300B0B500 /* Extensions.swift */; };
/* End PBXBuildFile section */

/* Begin PBXContainerItemProxy section */
		CE7953381978271800B0B500 /* PBXContainerItemProxy */ = {
			isa = PBXContainerItemProxy;
			containerPortal = CE7953191978271800B0B500 /* Project object */;
			proxyType = 1;
			remoteGlobalIDString = CE7953201978271800B0B500;
			remoteInfo = CookieCrunch;
		};
/* End PBXContainerItemProxy section */

/* Begin PBXFileReference section */
		4D75F8951F7B7AC400A91A05 /* Swap.swift */ = {isa = PBXFileReference; fileEncoding = 4; lastKnownFileType = sourcecode.swift; path = Swap.swift; sourceTree = "<group>"; };
		4D75F89A1F7B9D9300A91A05 /* Chomp.wav */ = {isa = PBXFileReference; lastKnownFileType = audio.wav; path = Chomp.wav; sourceTree = "<group>"; };
		4D75F89B1F7B9D9300A91A05 /* Drip.wav */ = {isa = PBXFileReference; lastKnownFileType = audio.wav; path = Drip.wav; sourceTree = "<group>"; };
		4D75F89C1F7B9D9300A91A05 /* Error.wav */ = {isa = PBXFileReference; lastKnownFileType = audio.wav; path = Error.wav; sourceTree = "<group>"; };
		4D75F89D1F7B9D9300A91A05 /* Ka-Ching.wav */ = {isa = PBXFileReference; lastKnownFileType = audio.wav; path = "Ka-Ching.wav"; sourceTree = "<group>"; };
		4D75F89E1F7B9D9300A91A05 /* Mining by Moonlight.mp3 */ = {isa = PBXFileReference; lastKnownFileType = audio.mp3; path = "Mining by Moonlight.mp3"; sourceTree = "<group>"; };
		4D75F89F1F7B9D9300A91A05 /* Scrape.wav */ = {isa = PBXFileReference; lastKnownFileType = audio.wav; path = Scrape.wav; sourceTree = "<group>"; };
		4D75F8A61F7B9F0F00A91A05 /* Chain.swift */ = {isa = PBXFileReference; fileEncoding = 4; lastKnownFileType = sourcecode.swift; path = Chain.swift; sourceTree = "<group>"; };
		4DE6A68E1F7CA324004B08AD /* Grid.atlas */ = {isa = PBXFileReference; lastKnownFileType = folder.skatlas; path = Grid.atlas; sourceTree = "<group>"; };
		CE7953211978271800B0B500 /* CookieCrunch.app */ = {isa = PBXFileReference; explicitFileType = wrapper.application; includeInIndex = 0; path = CookieCrunch.app; sourceTree = BUILT_PRODUCTS_DIR; };
		CE7953251978271800B0B500 /* Info.plist */ = {isa = PBXFileReference; lastKnownFileType = text.plist.xml; path = Info.plist; sourceTree = "<group>"; };
		CE7953261978271800B0B500 /* AppDelegate.swift */ = {isa = PBXFileReference; lastKnownFileType = sourcecode.swift; path = AppDelegate.swift; sourceTree = "<group>"; };
		CE79532A1978271800B0B500 /* GameScene.swift */ = {isa = PBXFileReference; lastKnownFileType = sourcecode.swift; path = GameScene.swift; sourceTree = "<group>"; };
		CE79532C1978271800B0B500 /* GameViewController.swift */ = {isa = PBXFileReference; lastKnownFileType = sourcecode.swift; path = GameViewController.swift; sourceTree = "<group>"; };
		CE79532F1978271800B0B500 /* Base */ = {isa = PBXFileReference; lastKnownFileType = file.storyboard; name = Base; path = Base.lproj/Main.storyboard; sourceTree = "<group>"; };
		CE7953311978271800B0B500 /* Images.xcassets */ = {isa = PBXFileReference; lastKnownFileType = folder.assetcatalog; path = Images.xcassets; sourceTree = "<group>"; };
		CE7953371978271800B0B500 /* CookieCrunchTests.xctest */ = {isa = PBXFileReference; explicitFileType = wrapper.cfbundle; includeInIndex = 0; path = CookieCrunchTests.xctest; sourceTree = BUILT_PRODUCTS_DIR; };
		CE79533C1978271800B0B500 /* Info.plist */ = {isa = PBXFileReference; lastKnownFileType = text.plist.xml; path = Info.plist; sourceTree = "<group>"; };
		CE79533D1978271800B0B500 /* CookieCrunchTests.swift */ = {isa = PBXFileReference; lastKnownFileType = sourcecode.swift; path = CookieCrunchTests.swift; sourceTree = "<group>"; };
		CE7953471978288E00B0B500 /* Sprites.atlas */ = {isa = PBXFileReference; lastKnownFileType = folder.skatlas; path = Sprites.atlas; sourceTree = "<group>"; };
		CE79534919782A8E00B0B500 /* Cookie.swift */ = {isa = PBXFileReference; fileEncoding = 4; lastKnownFileType = sourcecode.swift; path = Cookie.swift; sourceTree = "<group>"; };
		CE79534B19782BFF00B0B500 /* Array2D.swift */ = {isa = PBXFileReference; fileEncoding = 4; lastKnownFileType = sourcecode.swift; path = Array2D.swift; sourceTree = "<group>"; };
		CE79534F19782C5100B0B500 /* Level.swift */ = {isa = PBXFileReference; fileEncoding = 4; lastKnownFileType = sourcecode.swift; path = Level.swift; sourceTree = "<group>"; };
		CE7953521978321B00B0B500 /* Level_0.json */ = {isa = PBXFileReference; fileEncoding = 4; lastKnownFileType = text.json; path = Level_0.json; sourceTree = "<group>"; };
		CE7953531978321B00B0B500 /* Level_1.json */ = {isa = PBXFileReference; fileEncoding = 4; lastKnownFileType = text.json; path = Level_1.json; sourceTree = "<group>"; };
		CE7953541978321B00B0B500 /* Level_2.json */ = {isa = PBXFileReference; fileEncoding = 4; lastKnownFileType = text.json; path = Level_2.json; sourceTree = "<group>"; };
		CE7953551978321B00B0B500 /* Level_3.json */ = {isa = PBXFileReference; fileEncoding = 4; lastKnownFileType = text.json; path = Level_3.json; sourceTree = "<group>"; };
		CE7953561978321B00B0B500 /* Level_4.json */ = {isa = PBXFileReference; fileEncoding = 4; lastKnownFileType = text.json; path = Level_4.json; sourceTree = "<group>"; };
		CE79535C1978323500B0B500 /* Tile.swift */ = {isa = PBXFileReference; fileEncoding = 4; lastKnownFileType = sourcecode.swift; path = Tile.swift; sourceTree = "<group>"; };
		CE79535E197832C300B0B500 /* Extensions.swift */ = {isa = PBXFileReference; fileEncoding = 4; lastKnownFileType = sourcecode.swift; path = Extensions.swift; sourceTree = "<group>"; };
/* End PBXFileReference section */

/* Begin PBXFrameworksBuildPhase section */
		CE79531E1978271800B0B500 /* Frameworks */ = {
			isa = PBXFrameworksBuildPhase;
			buildActionMask = 2147483647;
			files = (
			);
			runOnlyForDeploymentPostprocessing = 0;
		};
		CE7953341978271800B0B500 /* Frameworks */ = {
			isa = PBXFrameworksBuildPhase;
			buildActionMask = 2147483647;
			files = (
			);
			runOnlyForDeploymentPostprocessing = 0;
		};
/* End PBXFrameworksBuildPhase section */

/* Begin PBXGroup section */
		4D75F8991F7B9D9300A91A05 /* Sounds */ = {
			isa = PBXGroup;
			children = (
				4D75F89A1F7B9D9300A91A05 /* Chomp.wav */,
				4D75F89B1F7B9D9300A91A05 /* Drip.wav */,
				4D75F89C1F7B9D9300A91A05 /* Error.wav */,
				4D75F89D1F7B9D9300A91A05 /* Ka-Ching.wav */,
				4D75F89E1F7B9D9300A91A05 /* Mining by Moonlight.mp3 */,
				4D75F89F1F7B9D9300A91A05 /* Scrape.wav */,
			);
			path = Sounds;
			sourceTree = "<group>";
		};
		CE7953181978271800B0B500 = {
			isa = PBXGroup;
			children = (
				CE7953231978271800B0B500 /* CookieCrunch */,
				CE79533A1978271800B0B500 /* CookieCrunchTests */,
				CE7953221978271800B0B500 /* Products */,
			);
			sourceTree = "<group>";
		};
		CE7953221978271800B0B500 /* Products */ = {
			isa = PBXGroup;
			children = (
				CE7953211978271800B0B500 /* CookieCrunch.app */,
				CE7953371978271800B0B500 /* CookieCrunchTests.xctest */,
			);
			name = Products;
			sourceTree = "<group>";
		};
		CE7953231978271800B0B500 /* CookieCrunch */ = {
			isa = PBXGroup;
			children = (
				CE7953261978271800B0B500 /* AppDelegate.swift */,
				CE79534B19782BFF00B0B500 /* Array2D.swift */,
				4D75F8A61F7B9F0F00A91A05 /* Chain.swift */,
				CE79534919782A8E00B0B500 /* Cookie.swift */,
				CE79535E197832C300B0B500 /* Extensions.swift */,
				CE79532A1978271800B0B500 /* GameScene.swift */,
				CE79532C1978271800B0B500 /* GameViewController.swift */,
				CE79534F19782C5100B0B500 /* Level.swift */,
				4D75F8951F7B7AC400A91A05 /* Swap.swift */,
				CE79535C1978323500B0B500 /* Tile.swift */,
				CE79532E1978271800B0B500 /* Main.storyboard */,
				CE7953311978271800B0B500 /* Images.xcassets */,
				CE7953471978288E00B0B500 /* Sprites.atlas */,
				4DE6A68E1F7CA324004B08AD /* Grid.atlas */,
				4D75F8991F7B9D9300A91A05 /* Sounds */,
				CE7953511978321B00B0B500 /* Levels */,
				CE7953241978271800B0B500 /* Supporting Files */,
			);
			path = CookieCrunch;
			sourceTree = "<group>";
		};
		CE7953241978271800B0B500 /* Supporting Files */ = {
			isa = PBXGroup;
			children = (
				CE7953251978271800B0B500 /* Info.plist */,
			);
			name = "Supporting Files";
			sourceTree = "<group>";
		};
		CE79533A1978271800B0B500 /* CookieCrunchTests */ = {
			isa = PBXGroup;
			children = (
				CE79533D1978271800B0B500 /* CookieCrunchTests.swift */,
				CE79533B1978271800B0B500 /* Supporting Files */,
			);
			path = CookieCrunchTests;
			sourceTree = "<group>";
		};
		CE79533B1978271800B0B500 /* Supporting Files */ = {
			isa = PBXGroup;
			children = (
				CE79533C1978271800B0B500 /* Info.plist */,
			);
			name = "Supporting Files";
			sourceTree = "<group>";
		};
		CE7953511978321B00B0B500 /* Levels */ = {
			isa = PBXGroup;
			children = (
				CE7953521978321B00B0B500 /* Level_0.json */,
				CE7953531978321B00B0B500 /* Level_1.json */,
				CE7953541978321B00B0B500 /* Level_2.json */,
				CE7953551978321B00B0B500 /* Level_3.json */,
				CE7953561978321B00B0B500 /* Level_4.json */,
			);
			path = Levels;
			sourceTree = "<group>";
		};
/* End PBXGroup section */

/* Begin PBXNativeTarget section */
		CE7953201978271800B0B500 /* CookieCrunch */ = {
			isa = PBXNativeTarget;
			buildConfigurationList = CE7953411978271800B0B500 /* Build configuration list for PBXNativeTarget "CookieCrunch" */;
			buildPhases = (
				CE79531D1978271800B0B500 /* Sources */,
				CE79531E1978271800B0B500 /* Frameworks */,
				CE79531F1978271800B0B500 /* Resources */,
			);
			buildRules = (
			);
			dependencies = (
			);
			name = CookieCrunch;
			productName = CookieCrunch;
			productReference = CE7953211978271800B0B500 /* CookieCrunch.app */;
			productType = "com.apple.product-type.application";
		};
		CE7953361978271800B0B500 /* CookieCrunchTests */ = {
			isa = PBXNativeTarget;
			buildConfigurationList = CE7953441978271800B0B500 /* Build configuration list for PBXNativeTarget "CookieCrunchTests" */;
			buildPhases = (
				CE7953331978271800B0B500 /* Sources */,
				CE7953341978271800B0B500 /* Frameworks */,
				CE7953351978271800B0B500 /* Resources */,
			);
			buildRules = (
			);
			dependencies = (
				CE7953391978271800B0B500 /* PBXTargetDependency */,
			);
			name = CookieCrunchTests;
			productName = CookieCrunchTests;
			productReference = CE7953371978271800B0B500 /* CookieCrunchTests.xctest */;
			productType = "com.apple.product-type.bundle.unit-test";
		};
/* End PBXNativeTarget section */

/* Begin PBXProject section */
		CE7953191978271800B0B500 /* Project object */ = {
			isa = PBXProject;
			attributes = {
				LastUpgradeCheck = 0600;
				ORGANIZATIONNAME = "UQ Times";
				TargetAttributes = {
					CE7953201978271800B0B500 = {
						CreatedOnToolsVersion = 6.0;
						LastSwiftMigration = 0830;
					};
					CE7953361978271800B0B500 = {
						CreatedOnToolsVersion = 6.0;
						LastSwiftMigration = 0830;
						TestTargetID = CE7953201978271800B0B500;
					};
				};
			};
			buildConfigurationList = CE79531C1978271800B0B500 /* Build configuration list for PBXProject "CookieCrunch" */;
			compatibilityVersion = "Xcode 3.2";
			developmentRegion = English;
			hasScannedForEncodings = 0;
			knownRegions = (
				en,
				Base,
			);
			mainGroup = CE7953181978271800B0B500;
			productRefGroup = CE7953221978271800B0B500 /* Products */;
			projectDirPath = "";
			projectRoot = "";
			targets = (
				CE7953201978271800B0B500 /* CookieCrunch */,
				CE7953361978271800B0B500 /* CookieCrunchTests */,
			);
		};
/* End PBXProject section */

/* Begin PBXResourcesBuildPhase section */
		CE79531F1978271800B0B500 /* Resources */ = {
			isa = PBXResourcesBuildPhase;
			buildActionMask = 2147483647;
			files = (
				CE7953481978288E00B0B500 /* Sprites.atlas in Resources */,
				4D75F8A11F7B9D9300A91A05 /* Drip.wav in Resources */,
				4D75F8A31F7B9D9300A91A05 /* Ka-Ching.wav in Resources */,
				CE7953591978321B00B0B500 /* Level_2.json in Resources */,
				CE79535A1978321B00B0B500 /* Level_3.json in Resources */,
				4D75F8A41F7B9D9300A91A05 /* Mining by Moonlight.mp3 in Resources */,
				4D75F8A51F7B9D9300A91A05 /* Scrape.wav in Resources */,
				4D75F8A21F7B9D9300A91A05 /* Error.wav in Resources */,
				CE7953581978321B00B0B500 /* Level_1.json in Resources */,
				CE7953321978271800B0B500 /* Images.xcassets in Resources */,
				CE7953301978271800B0B500 /* Main.storyboard in Resources */,
				CE7953571978321B00B0B500 /* Level_0.json in Resources */,
				4D75F8A01F7B9D9300A91A05 /* Chomp.wav in Resources */,
				4DE6A68F1F7CA324004B08AD /* Grid.atlas in Resources */,
				CE79535B1978321B00B0B500 /* Level_4.json in Resources */,
			);
			runOnlyForDeploymentPostprocessing = 0;
		};
		CE7953351978271800B0B500 /* Resources */ = {
			isa = PBXResourcesBuildPhase;
			buildActionMask = 2147483647;
			files = (
			);
			runOnlyForDeploymentPostprocessing = 0;
		};
/* End PBXResourcesBuildPhase section */

/* Begin PBXSourcesBuildPhase section */
		CE79531D1978271800B0B500 /* Sources */ = {
			isa = PBXSourcesBuildPhase;
			buildActionMask = 2147483647;
			files = (
				CE79532B1978271800B0B500 /* GameScene.swift in Sources */,
				CE79535F197832C300B0B500 /* Extensions.swift in Sources */,
				CE79535019782C5100B0B500 /* Level.swift in Sources */,
				CE79534A19782A8E00B0B500 /* Cookie.swift in Sources */,
				CE79535D1978323500B0B500 /* Tile.swift in Sources */,
				4D75F8A71F7B9F0F00A91A05 /* Chain.swift in Sources */,
				CE79532D1978271800B0B500 /* GameViewController.swift in Sources */,
				CE7953271978271800B0B500 /* AppDelegate.swift in Sources */,
				CE79534C19782BFF00B0B500 /* Array2D.swift in Sources */,
				4D75F8961F7B7AC400A91A05 /* Swap.swift in Sources */,
			);
			runOnlyForDeploymentPostprocessing = 0;
		};
		CE7953331978271800B0B500 /* Sources */ = {
			isa = PBXSourcesBuildPhase;
			buildActionMask = 2147483647;
			files = (
				CE79533E1978271800B0B500 /* CookieCrunchTests.swift in Sources */,
			);
			runOnlyForDeploymentPostprocessing = 0;
		};
/* End PBXSourcesBuildPhase section */

/* Begin PBXTargetDependency section */
		CE7953391978271800B0B500 /* PBXTargetDependency */ = {
			isa = PBXTargetDependency;
			target = CE7953201978271800B0B500 /* CookieCrunch */;
			targetProxy = CE7953381978271800B0B500 /* PBXContainerItemProxy */;
		};
/* End PBXTargetDependency section */

/* Begin PBXVariantGroup section */
		CE79532E1978271800B0B500 /* Main.storyboard */ = {
			isa = PBXVariantGroup;
			children = (
				CE79532F1978271800B0B500 /* Base */,
			);
			name = Main.storyboard;
			sourceTree = "<group>";
		};
/* End PBXVariantGroup section */

/* Begin XCBuildConfiguration section */
		CE79533F1978271800B0B500 /* Debug */ = {
			isa = XCBuildConfiguration;
			buildSettings = {
				ALWAYS_SEARCH_USER_PATHS = NO;
				CLANG_CXX_LANGUAGE_STANDARD = "gnu++0x";
				CLANG_CXX_LIBRARY = "libc++";
				CLANG_ENABLE_MODULES = YES;
				CLANG_ENABLE_OBJC_ARC = YES;
				CLANG_WARN_BOOL_CONVERSION = YES;
				CLANG_WARN_CONSTANT_CONVERSION = YES;
				CLANG_WARN_DIRECT_OBJC_ISA_USAGE = YES_ERROR;
				CLANG_WARN_EMPTY_BODY = YES;
				CLANG_WARN_ENUM_CONVERSION = YES;
				CLANG_WARN_INT_CONVERSION = YES;
				CLANG_WARN_OBJC_ROOT_CLASS = YES_ERROR;
				CLANG_WARN_UNREACHABLE_CODE = YES;
				CLANG_WARN__DUPLICATE_METHOD_MATCH = YES;
				"CODE_SIGN_IDENTITY[sdk=iphoneos*]" = "iPhone Developer";
				COPY_PHASE_STRIP = NO;
				ENABLE_STRICT_OBJC_MSGSEND = YES;
				GCC_C_LANGUAGE_STANDARD = gnu99;
				GCC_DYNAMIC_NO_PIC = NO;
				GCC_OPTIMIZATION_LEVEL = 0;
				GCC_PREPROCESSOR_DEFINITIONS = (
					"DEBUG=1",
					"$(inherited)",
				);
				GCC_SYMBOLS_PRIVATE_EXTERN = NO;
				GCC_WARN_64_TO_32_BIT_CONVERSION = YES;
				GCC_WARN_ABOUT_RETURN_TYPE = YES_ERROR;
				GCC_WARN_UNDECLARED_SELECTOR = YES;
				GCC_WARN_UNINITIALIZED_AUTOS = YES_AGGRESSIVE;
				GCC_WARN_UNUSED_FUNCTION = YES;
				GCC_WARN_UNUSED_VARIABLE = YES;
				IPHONEOS_DEPLOYMENT_TARGET = 8.0;
				MTL_ENABLE_DEBUG_INFO = YES;
				ONLY_ACTIVE_ARCH = YES;
				SDKROOT = iphoneos;
				SWIFT_OPTIMIZATION_LEVEL = "-Onone";
			};
			name = Debug;
		};
		CE7953401978271800B0B500 /* Release */ = {
			isa = XCBuildConfiguration;
			buildSettings = {
				ALWAYS_SEARCH_USER_PATHS = NO;
				CLANG_CXX_LANGUAGE_STANDARD = "gnu++0x";
				CLANG_CXX_LIBRARY = "libc++";
				CLANG_ENABLE_MODULES = YES;
				CLANG_ENABLE_OBJC_ARC = YES;
				CLANG_WARN_BOOL_CONVERSION = YES;
				CLANG_WARN_CONSTANT_CONVERSION = YES;
				CLANG_WARN_DIRECT_OBJC_ISA_USAGE = YES_ERROR;
				CLANG_WARN_EMPTY_BODY = YES;
				CLANG_WARN_ENUM_CONVERSION = YES;
				CLANG_WARN_INT_CONVERSION = YES;
				CLANG_WARN_OBJC_ROOT_CLASS = YES_ERROR;
				CLANG_WARN_UNREACHABLE_CODE = YES;
				CLANG_WARN__DUPLICATE_METHOD_MATCH = YES;
				"CODE_SIGN_IDENTITY[sdk=iphoneos*]" = "iPhone Developer";
				COPY_PHASE_STRIP = YES;
				ENABLE_NS_ASSERTIONS = NO;
				ENABLE_STRICT_OBJC_MSGSEND = YES;
				GCC_C_LANGUAGE_STANDARD = gnu99;
				GCC_WARN_64_TO_32_BIT_CONVERSION = YES;
				GCC_WARN_ABOUT_RETURN_TYPE = YES_ERROR;
				GCC_WARN_UNDECLARED_SELECTOR = YES;
				GCC_WARN_UNINITIALIZED_AUTOS = YES_AGGRESSIVE;
				GCC_WARN_UNUSED_FUNCTION = YES;
				GCC_WARN_UNUSED_VARIABLE = YES;
				IPHONEOS_DEPLOYMENT_TARGET = 8.0;
				MTL_ENABLE_DEBUG_INFO = NO;
				SDKROOT = iphoneos;
				VALIDATE_PRODUCT = YES;
			};
			name = Release;
		};
		CE7953421978271800B0B500 /* Debug */ = {
			isa = XCBuildConfiguration;
			buildSettings = {
				ASSETCATALOG_COMPILER_APPICON_NAME = AppIcon;
				ASSETCATALOG_COMPILER_LAUNCHIMAGE_NAME = LaunchImage;
				INFOPLIST_FILE = CookieCrunch/Info.plist;
				IPHONEOS_DEPLOYMENT_TARGET = 9.0;
				LD_RUNPATH_SEARCH_PATHS = "$(inherited) @executable_path/Frameworks";
				PRODUCT_BUNDLE_IDENTIFIER = jp.blogspot.uqtimes.samples.CookieCrunch;
				PRODUCT_NAME = "$(TARGET_NAME)";
				SWIFT_VERSION = 3.0;
			};
			name = Debug;
		};
		CE7953431978271800B0B500 /* Release */ = {
			isa = XCBuildConfiguration;
			buildSettings = {
				ASSETCATALOG_COMPILER_APPICON_NAME = AppIcon;
				ASSETCATALOG_COMPILER_LAUNCHIMAGE_NAME = LaunchImage;
				INFOPLIST_FILE = CookieCrunch/Info.plist;
				IPHONEOS_DEPLOYMENT_TARGET = 9.0;
				LD_RUNPATH_SEARCH_PATHS = "$(inherited) @executable_path/Frameworks";
				PRODUCT_BUNDLE_IDENTIFIER = jp.blogspot.uqtimes.samples.CookieCrunch;
				PRODUCT_NAME = "$(TARGET_NAME)";
				SWIFT_VERSION = 3.0;
			};
			name = Release;
		};
		CE7953451978271800B0B500 /* Debug */ = {
			isa = XCBuildConfiguration;
			buildSettings = {
				BUNDLE_LOADER = "$(BUILT_PRODUCTS_DIR)/CookieCrunch.app/CookieCrunch";
				FRAMEWORK_SEARCH_PATHS = (
					"$(SDKROOT)/Developer/Library/Frameworks",
					"$(inherited)",
				);
				GCC_PREPROCESSOR_DEFINITIONS = (
					"DEBUG=1",
					"$(inherited)",
				);
				INFOPLIST_FILE = CookieCrunchTests/Info.plist;
				LD_RUNPATH_SEARCH_PATHS = "$(inherited) @executable_path/Frameworks @loader_path/Frameworks";
				PRODUCT_NAME = "$(TARGET_NAME)";
				SWIFT_VERSION = 3.0;
				TEST_HOST = "$(BUNDLE_LOADER)";
			};
			name = Debug;
		};
		CE7953461978271800B0B500 /* Release */ = {
			isa = XCBuildConfiguration;
			buildSettings = {
				BUNDLE_LOADER = "$(BUILT_PRODUCTS_DIR)/CookieCrunch.app/CookieCrunch";
				FRAMEWORK_SEARCH_PATHS = (
					"$(SDKROOT)/Developer/Library/Frameworks",
					"$(inherited)",
				);
				INFOPLIST_FILE = CookieCrunchTests/Info.plist;
				LD_RUNPATH_SEARCH_PATHS = "$(inherited) @executable_path/Frameworks @loader_path/Frameworks";
				PRODUCT_NAME = "$(TARGET_NAME)";
				SWIFT_VERSION = 3.0;
				TEST_HOST = "$(BUNDLE_LOADER)";
			};
			name = Release;
		};
/* End XCBuildConfiguration section */

/* Begin XCConfigurationList section */
		CE79531C1978271800B0B500 /* Build configuration list for PBXProject "CookieCrunch" */ = {
			isa = XCConfigurationList;
			buildConfigurations = (
				CE79533F1978271800B0B500 /* Debug */,
				CE7953401978271800B0B500 /* Release */,
			);
			defaultConfigurationIsVisible = 0;
			defaultConfigurationName = Release;
		};
		CE7953411978271800B0B500 /* Build configuration list for PBXNativeTarget "CookieCrunch" */ = {
			isa = XCConfigurationList;
			buildConfigurations = (
				CE7953421978271800B0B500 /* Debug */,
				CE7953431978271800B0B500 /* Release */,
			);
			defaultConfigurationIsVisible = 0;
			defaultConfigurationName = Release;
		};
		CE7953441978271800B0B500 /* Build configuration list for PBXNativeTarget "CookieCrunchTests" */ = {
			isa = XCConfigurationList;
			buildConfigurations = (
				CE7953451978271800B0B500 /* Debug */,
				CE7953461978271800B0B500 /* Release */,
			);
			defaultConfigurationIsVisible = 0;
			defaultConfigurationName = Release;
		};
/* End XCConfigurationList section */
	};
	rootObject = CE7953191978271800B0B500 /* Project object */;
}
